
Microsoft Visual Studio Solution File, Format Version 12.00
# Visual Studio 15
VisualStudioVersion = 15.0.26124.0
MinimumVisualStudioVersion = 15.0.26124.0
Project("{FAE04EC0-301F-11D3-BF4B-00C04F79EFBC}") = "API", "API\API.csproj", "{EC53471A-001A-47DA-8131-486DE13BA96D}"
EndProject
Project("{FAE04EC0-301F-11D3-BF4B-00C04F79EFBC}") = "Core", "Core\Core.csproj", "{54082103-D8E0-46E4-AA27-CE1888D64A1D}"
EndProject
Project("{FAE04EC0-301F-11D3-BF4B-00C04F79EFBC}") = "Infrastructure", "Infrastructure\Infrastructure.csproj", "{6DC9EBA6-D3D5-4D32-8C09-ADB11EE5A395}"
EndProject
Global
	GlobalSection(SolutionConfigurationPlatforms) = preSolution
		Debug|Any CPU = Debug|Any CPU
		Debug|x64 = Debug|x64
		Debug|x86 = Debug|x86
		Release|Any CPU = Release|Any CPU
		Release|x64 = Release|x64
		Release|x86 = Release|x86
	EndGlobalSection
	GlobalSection(SolutionProperties) = preSolution
		HideSolutionNode = FALSE
	EndGlobalSection
	GlobalSection(ProjectConfigurationPlatforms) = postSolution
		{EC53471A-001A-47DA-8131-486DE13BA96D}.Debug|Any CPU.ActiveCfg = Debug|Any CPU
		{EC53471A-001A-47DA-8131-486DE13BA96D}.Debug|Any CPU.Build.0 = Debug|Any CPU
		{EC53471A-001A-47DA-8131-486DE13BA96D}.Debug|x64.ActiveCfg = Debug|Any CPU
		{EC53471A-001A-47DA-8131-486DE13BA96D}.Debug|x64.Build.0 = Debug|Any CPU
		{EC53471A-001A-47DA-8131-486DE13BA96D}.Debug|x86.ActiveCfg = Debug|Any CPU
		{EC53471A-001A-47DA-8131-486DE13BA96D}.Debug|x86.Build.0 = Debug|Any CPU
		{EC53471A-001A-47DA-8131-486DE13BA96D}.Release|Any CPU.ActiveCfg = Release|Any CPU
		{EC53471A-001A-47DA-8131-486DE13BA96D}.Release|Any CPU.Build.0 = Release|Any CPU
		{EC53471A-001A-47DA-8131-486DE13BA96D}.Release|x64.ActiveCfg = Release|Any CPU
		{EC53471A-001A-47DA-8131-486DE13BA96D}.Release|x64.Build.0 = Release|Any CPU
		{EC53471A-001A-47DA-8131-486DE13BA96D}.Release|x86.ActiveCfg = Release|Any CPU
		{EC53471A-001A-47DA-8131-486DE13BA96D}.Release|x86.Build.0 = Release|Any CPU
		{54082103-D8E0-46E4-AA27-CE1888D64A1D}.Debug|Any CPU.ActiveCfg = Debug|Any CPU
		{54082103-D8E0-46E4-AA27-CE1888D64A1D}.Debug|Any CPU.Build.0 = Debug|Any CPU
		{54082103-D8E0-46E4-AA27-CE1888D64A1D}.Debug|x64.ActiveCfg = Debug|Any CPU
		{54082103-D8E0-46E4-AA27-CE1888D64A1D}.Debug|x64.Build.0 = Debug|Any CPU
		{54082103-D8E0-46E4-AA27-CE1888D64A1D}.Debug|x86.ActiveCfg = Debug|Any CPU
		{54082103-D8E0-46E4-AA27-CE1888D64A1D}.Debug|x86.Build.0 = Debug|Any CPU
		{54082103-D8E0-46E4-AA27-CE1888D64A1D}.Release|Any CPU.ActiveCfg = Release|Any CPU
		{54082103-D8E0-46E4-AA27-CE1888D64A1D}.Release|Any CPU.Build.0 = Release|Any CPU
		{54082103-D8E0-46E4-AA27-CE1888D64A1D}.Release|x64.ActiveCfg = Release|Any CPU
		{54082103-D8E0-46E4-AA27-CE1888D64A1D}.Release|x64.Build.0 = Release|Any CPU
		{54082103-D8E0-46E4-AA27-CE1888D64A1D}.Release|x86.ActiveCfg = Release|Any CPU
		{54082103-D8E0-46E4-AA27-CE1888D64A1D}.Release|x86.Build.0 = Release|Any CPU
		{6DC9EBA6-D3D5-4D32-8C09-ADB11EE5A395}.Debug|Any CPU.ActiveCfg = Debug|Any CPU
		{6DC9EBA6-D3D5-4D32-8C09-ADB11EE5A395}.Debug|Any CPU.Build.0 = Debug|Any CPU
		{6DC9EBA6-D3D5-4D32-8C09-ADB11EE5A395}.Debug|x64.ActiveCfg = Debug|Any CPU
		{6DC9EBA6-D3D5-4D32-8C09-ADB11EE5A395}.Debug|x64.Build.0 = Debug|Any CPU
		{6DC9EBA6-D3D5-4D32-8C09-ADB11EE5A395}.Debug|x86.ActiveCfg = Debug|Any CPU
		{6DC9EBA6-D3D5-4D32-8C09-ADB11EE5A395}.Debug|x86.Build.0 = Debug|Any CPU
		{6DC9EBA6-D3D5-4D32-8C09-ADB11EE5A395}.Release|Any CPU.ActiveCfg = Release|Any CPU
		{6DC9EBA6-D3D5-4D32-8C09-ADB11EE5A395}.Release|Any CPU.Build.0 = Release|Any CPU
		{6DC9EBA6-D3D5-4D32-8C09-ADB11EE5A395}.Release|x64.ActiveCfg = Release|Any CPU
		{6DC9EBA6-D3D5-4D32-8C09-ADB11EE5A395}.Release|x64.Build.0 = Release|Any CPU
		{6DC9EBA6-D3D5-4D32-8C09-ADB11EE5A395}.Release|x86.ActiveCfg = Release|Any CPU
		{6DC9EBA6-D3D5-4D32-8C09-ADB11EE5A395}.Release|x86.Build.0 = Release|Any CPU
	EndGlobalSection
EndGlobal
